
Microsoft Visual Studio Solution File, Format Version 12.00
# Visual Studio Version 17
VisualStudioVersion = 17.0.32014.148
MinimumVisualStudioVersion = 10.0.40219.1
Project("{FAE04EC0-301F-11D3-BF4B-00C04F79EFBC}") = "MongoDBDemo", "MongoDBDemo\MongoDBDemo.csproj", "{AE3075C4-62B1-44C5-B419-4822012F5AA7}"
EndProject
Global
	GlobalSection(SolutionConfigurationPlatforms) = preSolution
		Debug|Any CPU = Debug|Any CPU
		Release|Any CPU = Release|Any CPU
	EndGlobalSection
	GlobalSection(ProjectConfigurationPlatforms) = postSolution
		{AE3075C4-62B1-44C5-B419-4822012F5AA7}.Debug|Any CPU.ActiveCfg = Debug|Any CPU
		{AE3075C4-62B1-44C5-B419-4822012F5AA7}.Debug|Any CPU.Build.0 = Debug|Any CPU
		{AE3075C4-62B1-44C5-B419-4822012F5AA7}.Release|Any CPU.ActiveCfg = Release|Any CPU
		{AE3075C4-62B1-44C5-B419-4822012F5AA7}.Release|Any CPU.Build.0 = Release|Any CPU
	EndGlobalSection
	GlobalSection(SolutionProperties) = preSolution
		HideSolutionNode = FALSE
	EndGlobalSection
	GlobalSection(ExtensibilityGlobals) = postSolution
		SolutionGuid = {4417A864-0E67-43D5-A910-FC04F80C03E4}
	EndGlobalSection
EndGlobal
